// !$*UTF8*$!
{
	archiveVersion = 1;
	classes = {
	};
	objectVersion = 46;
	objects = {

/* Begin PBXBuildFile section */
		696836158C9904541C077536 /* Pods_RaveObjCDemoTests.framework in Frameworks */ = {isa = PBXBuildFile; fileRef = 5C12C6D7A43B03E7EE3E1200 /* Pods_RaveObjCDemoTests.framework */; };
		7800D5981F7A9D8000AFC430 /* VSTextField.swift in Sources */ = {isa = PBXBuildFile; fileRef = 7800D5971F7A9D8000AFC430 /* VSTextField.swift */; };
		7800D59B1F7B8B4400AFC430 /* Constants.m in Sources */ = {isa = PBXBuildFile; fileRef = 7800D59A1F7B8B4400AFC430 /* Constants.m */; };
		787F864B1F7A33FB0081D519 /* main.m in Sources */ = {isa = PBXBuildFile; fileRef = 787F864A1F7A33FB0081D519 /* main.m */; };
		787F864E1F7A33FB0081D519 /* AppDelegate.m in Sources */ = {isa = PBXBuildFile; fileRef = 787F864D1F7A33FB0081D519 /* AppDelegate.m */; };
		787F86511F7A33FB0081D519 /* ViewController.m in Sources */ = {isa = PBXBuildFile; fileRef = 787F86501F7A33FB0081D519 /* ViewController.m */; };
		787F86541F7A33FB0081D519 /* Main.storyboard in Resources */ = {isa = PBXBuildFile; fileRef = 787F86521F7A33FB0081D519 /* Main.storyboard */; };
		787F86561F7A33FB0081D519 /* Assets.xcassets in Resources */ = {isa = PBXBuildFile; fileRef = 787F86551F7A33FB0081D519 /* Assets.xcassets */; };
		787F86591F7A33FB0081D519 /* LaunchScreen.storyboard in Resources */ = {isa = PBXBuildFile; fileRef = 787F86571F7A33FB0081D519 /* LaunchScreen.storyboard */; };
		787F86641F7A33FB0081D519 /* RaveObjCDemoTests.m in Sources */ = {isa = PBXBuildFile; fileRef = 787F86631F7A33FB0081D519 /* RaveObjCDemoTests.m */; };
		787F866F1F7A33FB0081D519 /* RaveObjCDemoUITests.m in Sources */ = {isa = PBXBuildFile; fileRef = 787F866E1F7A33FB0081D519 /* RaveObjCDemoUITests.m */; };
		787F86801F7A349A0081D519 /* CustomSegementControl.swift in Sources */ = {isa = PBXBuildFile; fileRef = 787F867F1F7A349A0081D519 /* CustomSegementControl.swift */; };
		787F86841F7A636F0081D519 /* RavePayController.m in Sources */ = {isa = PBXBuildFile; fileRef = 787F86831F7A636F0081D519 /* RavePayController.m */; };
		787F86881F7A65350081D519 /* UIColor+HexString.m in Sources */ = {isa = PBXBuildFile; fileRef = 787F86871F7A65350081D519 /* UIColor+HexString.m */; };
		A54029421FD2F5E80076C2F1 /* NetworkManager.m in Sources */ = {isa = PBXBuildFile; fileRef = A54029411FD2F5E80076C2F1 /* NetworkManager.m */; };
		A5FACDC91FD3010300B2101A /* RaveEncryption.m in Sources */ = {isa = PBXBuildFile; fileRef = A5FACDC81FD3010300B2101A /* RaveEncryption.m */; };
		A5FACDCB1FD30DD100B2101A /* Security.framework in Frameworks */ = {isa = PBXBuildFile; fileRef = A5FACDCA1FD30DD100B2101A /* Security.framework */; };
		DC362D862FDA83A80B0D73A9 /* Pods_RaveObjCDemo.framework in Frameworks */ = {isa = PBXBuildFile; fileRef = 3CFEB151BF5D75D66ABA66D5 /* Pods_RaveObjCDemo.framework */; };
		F922D6560A0765D7E3B1239A /* Pods_RaveObjCDemoUITests.framework in Frameworks */ = {isa = PBXBuildFile; fileRef = 4FAD6C10690D988E16940A34 /* Pods_RaveObjCDemoUITests.framework */; };
/* End PBXBuildFile section */

/* Begin PBXContainerItemProxy section */
		787F86601F7A33FB0081D519 /* PBXContainerItemProxy */ = {
			isa = PBXContainerItemProxy;
			containerPortal = 787F863E1F7A33FA0081D519 /* Project object */;
			proxyType = 1;
			remoteGlobalIDString = 787F86451F7A33FB0081D519;
			remoteInfo = RaveObjCDemo;
		};
		787F866B1F7A33FB0081D519 /* PBXContainerItemProxy */ = {
			isa = PBXContainerItemProxy;
			containerPortal = 787F863E1F7A33FA0081D519 /* Project object */;
			proxyType = 1;
			remoteGlobalIDString = 787F86451F7A33FB0081D519;
			remoteInfo = RaveObjCDemo;
		};
/* End PBXContainerItemProxy section */

/* Begin PBXFileReference section */
		3CFEB151BF5D75D66ABA66D5 /* Pods_RaveObjCDemo.framework */ = {isa = PBXFileReference; explicitFileType = wrapper.framework; includeInIndex = 0; path = Pods_RaveObjCDemo.framework; sourceTree = BUILT_PRODUCTS_DIR; };
		4C154715497EA1F478C9E6FB /* Pods-RaveObjCDemoUITests.debug.xcconfig */ = {isa = PBXFileReference; includeInIndex = 1; lastKnownFileType = text.xcconfig; name = "Pods-RaveObjCDemoUITests.debug.xcconfig"; path = "Pods/Target Support Files/Pods-RaveObjCDemoUITests/Pods-RaveObjCDemoUITests.debug.xcconfig"; sourceTree = "<group>"; };
		4E1099F0DDE7BDA350969C3B /* Pods-RaveObjCDemo.debug.xcconfig */ = {isa = PBXFileReference; includeInIndex = 1; lastKnownFileType = text.xcconfig; name = "Pods-RaveObjCDemo.debug.xcconfig"; path = "Pods/Target Support Files/Pods-RaveObjCDemo/Pods-RaveObjCDemo.debug.xcconfig"; sourceTree = "<group>"; };
		4FAD6C10690D988E16940A34 /* Pods_RaveObjCDemoUITests.framework */ = {isa = PBXFileReference; explicitFileType = wrapper.framework; includeInIndex = 0; path = Pods_RaveObjCDemoUITests.framework; sourceTree = BUILT_PRODUCTS_DIR; };
		5A5A934E551D03D69B95B90B /* Pods-RaveObjCDemo.release.xcconfig */ = {isa = PBXFileReference; includeInIndex = 1; lastKnownFileType = text.xcconfig; name = "Pods-RaveObjCDemo.release.xcconfig"; path = "Pods/Target Support Files/Pods-RaveObjCDemo/Pods-RaveObjCDemo.release.xcconfig"; sourceTree = "<group>"; };
		5C12C6D7A43B03E7EE3E1200 /* Pods_RaveObjCDemoTests.framework */ = {isa = PBXFileReference; explicitFileType = wrapper.framework; includeInIndex = 0; path = Pods_RaveObjCDemoTests.framework; sourceTree = BUILT_PRODUCTS_DIR; };
		7800D5971F7A9D8000AFC430 /* VSTextField.swift */ = {isa = PBXFileReference; fileEncoding = 4; lastKnownFileType = sourcecode.swift; path = VSTextField.swift; sourceTree = "<group>"; };
		7800D5991F7B8B4300AFC430 /* Constants.h */ = {isa = PBXFileReference; fileEncoding = 4; lastKnownFileType = sourcecode.c.h; path = Constants.h; sourceTree = "<group>"; };
		7800D59A1F7B8B4400AFC430 /* Constants.m */ = {isa = PBXFileReference; fileEncoding = 4; lastKnownFileType = sourcecode.c.objc; path = Constants.m; sourceTree = "<group>"; };
		787F86461F7A33FB0081D519 /* RaveObjCDemo.app */ = {isa = PBXFileReference; explicitFileType = wrapper.application; includeInIndex = 0; path = RaveObjCDemo.app; sourceTree = BUILT_PRODUCTS_DIR; };
		787F864A1F7A33FB0081D519 /* main.m */ = {isa = PBXFileReference; lastKnownFileType = sourcecode.c.objc; path = main.m; sourceTree = "<group>"; };
		787F864C1F7A33FB0081D519 /* AppDelegate.h */ = {isa = PBXFileReference; lastKnownFileType = sourcecode.c.h; path = AppDelegate.h; sourceTree = "<group>"; };
		787F864D1F7A33FB0081D519 /* AppDelegate.m */ = {isa = PBXFileReference; lastKnownFileType = sourcecode.c.objc; path = AppDelegate.m; sourceTree = "<group>"; };
		787F864F1F7A33FB0081D519 /* ViewController.h */ = {isa = PBXFileReference; lastKnownFileType = sourcecode.c.h; path = ViewController.h; sourceTree = "<group>"; };
		787F86501F7A33FB0081D519 /* ViewController.m */ = {isa = PBXFileReference; lastKnownFileType = sourcecode.c.objc; path = ViewController.m; sourceTree = "<group>"; };
		787F86531F7A33FB0081D519 /* Base */ = {isa = PBXFileReference; lastKnownFileType = file.storyboard; name = Base; path = Base.lproj/Main.storyboard; sourceTree = "<group>"; };
		787F86551F7A33FB0081D519 /* Assets.xcassets */ = {isa = PBXFileReference; lastKnownFileType = folder.assetcatalog; path = Assets.xcassets; sourceTree = "<group>"; };
		787F86581F7A33FB0081D519 /* Base */ = {isa = PBXFileReference; lastKnownFileType = file.storyboard; name = Base; path = Base.lproj/LaunchScreen.storyboard; sourceTree = "<group>"; };
		787F865A1F7A33FB0081D519 /* Info.plist */ = {isa = PBXFileReference; lastKnownFileType = text.plist.xml; path = Info.plist; sourceTree = "<group>"; };
		787F865F1F7A33FB0081D519 /* RaveObjCDemoTests.xctest */ = {isa = PBXFileReference; explicitFileType = wrapper.cfbundle; includeInIndex = 0; path = RaveObjCDemoTests.xctest; sourceTree = BUILT_PRODUCTS_DIR; };
		787F86631F7A33FB0081D519 /* RaveObjCDemoTests.m */ = {isa = PBXFileReference; lastKnownFileType = sourcecode.c.objc; path = RaveObjCDemoTests.m; sourceTree = "<group>"; };
		787F86651F7A33FB0081D519 /* Info.plist */ = {isa = PBXFileReference; lastKnownFileType = text.plist.xml; path = Info.plist; sourceTree = "<group>"; };
		787F866A1F7A33FB0081D519 /* RaveObjCDemoUITests.xctest */ = {isa = PBXFileReference; explicitFileType = wrapper.cfbundle; includeInIndex = 0; path = RaveObjCDemoUITests.xctest; sourceTree = BUILT_PRODUCTS_DIR; };
		787F866E1F7A33FB0081D519 /* RaveObjCDemoUITests.m */ = {isa = PBXFileReference; lastKnownFileType = sourcecode.c.objc; path = RaveObjCDemoUITests.m; sourceTree = "<group>"; };
		787F86701F7A33FB0081D519 /* Info.plist */ = {isa = PBXFileReference; lastKnownFileType = text.plist.xml; path = Info.plist; sourceTree = "<group>"; };
		787F867E1F7A34990081D519 /* RaveObjCDemo-Bridging-Header.h */ = {isa = PBXFileReference; lastKnownFileType = sourcecode.c.h; path = "RaveObjCDemo-Bridging-Header.h"; sourceTree = "<group>"; };
		787F867F1F7A349A0081D519 /* CustomSegementControl.swift */ = {isa = PBXFileReference; fileEncoding = 4; lastKnownFileType = sourcecode.swift; path = CustomSegementControl.swift; sourceTree = "<group>"; };
		787F86821F7A636F0081D519 /* RavePayController.h */ = {isa = PBXFileReference; fileEncoding = 4; lastKnownFileType = sourcecode.c.h; path = RavePayController.h; sourceTree = "<group>"; };
		787F86831F7A636F0081D519 /* RavePayController.m */ = {isa = PBXFileReference; fileEncoding = 4; lastKnownFileType = sourcecode.c.objc; path = RavePayController.m; sourceTree = "<group>"; };
		787F86861F7A65350081D519 /* UIColor+HexString.h */ = {isa = PBXFileReference; fileEncoding = 4; lastKnownFileType = sourcecode.c.h; path = "UIColor+HexString.h"; sourceTree = "<group>"; };
		787F86871F7A65350081D519 /* UIColor+HexString.m */ = {isa = PBXFileReference; fileEncoding = 4; lastKnownFileType = sourcecode.c.objc; path = "UIColor+HexString.m"; sourceTree = "<group>"; };
		A54029401FD2F5E80076C2F1 /* NetworkManager.h */ = {isa = PBXFileReference; lastKnownFileType = sourcecode.c.h; path = NetworkManager.h; sourceTree = "<group>"; };
		A54029411FD2F5E80076C2F1 /* NetworkManager.m */ = {isa = PBXFileReference; lastKnownFileType = sourcecode.c.objc; path = NetworkManager.m; sourceTree = "<group>"; };
		A5FACDC71FD3010300B2101A /* RaveEncryption.h */ = {isa = PBXFileReference; lastKnownFileType = sourcecode.c.h; path = RaveEncryption.h; sourceTree = "<group>"; };
		A5FACDC81FD3010300B2101A /* RaveEncryption.m */ = {isa = PBXFileReference; lastKnownFileType = sourcecode.c.objc; path = RaveEncryption.m; sourceTree = "<group>"; };
		A5FACDCA1FD30DD100B2101A /* Security.framework */ = {isa = PBXFileReference; lastKnownFileType = wrapper.framework; name = Security.framework; path = System/Library/Frameworks/Security.framework; sourceTree = SDKROOT; };
		BCF3FA69DD4FAC8D1395502B /* Pods-RaveObjCDemoUITests.release.xcconfig */ = {isa = PBXFileReference; includeInIndex = 1; lastKnownFileType = text.xcconfig; name = "Pods-RaveObjCDemoUITests.release.xcconfig"; path = "Pods/Target Support Files/Pods-RaveObjCDemoUITests/Pods-RaveObjCDemoUITests.release.xcconfig"; sourceTree = "<group>"; };
		C3411604A989DA852C8976F6 /* Pods-RaveObjCDemoTests.debug.xcconfig */ = {isa = PBXFileReference; includeInIndex = 1; lastKnownFileType = text.xcconfig; name = "Pods-RaveObjCDemoTests.debug.xcconfig"; path = "Pods/Target Support Files/Pods-RaveObjCDemoTests/Pods-RaveObjCDemoTests.debug.xcconfig"; sourceTree = "<group>"; };
		E591422A81F84B0DFDC2E866 /* Pods-RaveObjCDemoTests.release.xcconfig */ = {isa = PBXFileReference; includeInIndex = 1; lastKnownFileType = text.xcconfig; name = "Pods-RaveObjCDemoTests.release.xcconfig"; path = "Pods/Target Support Files/Pods-RaveObjCDemoTests/Pods-RaveObjCDemoTests.release.xcconfig"; sourceTree = "<group>"; };
/* End PBXFileReference section */

/* Begin PBXFrameworksBuildPhase section */
		787F86431F7A33FB0081D519 /* Frameworks */ = {
			isa = PBXFrameworksBuildPhase;
			buildActionMask = 2147483647;
			files = (
				A5FACDCB1FD30DD100B2101A /* Security.framework in Frameworks */,
				DC362D862FDA83A80B0D73A9 /* Pods_RaveObjCDemo.framework in Frameworks */,
			);
			runOnlyForDeploymentPostprocessing = 0;
		};
		787F865C1F7A33FB0081D519 /* Frameworks */ = {
			isa = PBXFrameworksBuildPhase;
			buildActionMask = 2147483647;
			files = (
				696836158C9904541C077536 /* Pods_RaveObjCDemoTests.framework in Frameworks */,
			);
			runOnlyForDeploymentPostprocessing = 0;
		};
		787F86671F7A33FB0081D519 /* Frameworks */ = {
			isa = PBXFrameworksBuildPhase;
			buildActionMask = 2147483647;
			files = (
				F922D6560A0765D7E3B1239A /* Pods_RaveObjCDemoUITests.framework in Frameworks */,
			);
			runOnlyForDeploymentPostprocessing = 0;
		};
/* End PBXFrameworksBuildPhase section */

/* Begin PBXGroup section */
		517C5F1F6FE1DDD9AB75CCEA /* Frameworks */ = {
			isa = PBXGroup;
			children = (
				A5FACDCA1FD30DD100B2101A /* Security.framework */,
				3CFEB151BF5D75D66ABA66D5 /* Pods_RaveObjCDemo.framework */,
				5C12C6D7A43B03E7EE3E1200 /* Pods_RaveObjCDemoTests.framework */,
				4FAD6C10690D988E16940A34 /* Pods_RaveObjCDemoUITests.framework */,
			);
			name = Frameworks;
			sourceTree = "<group>";
		};
		787F863D1F7A33FA0081D519 = {
			isa = PBXGroup;
			children = (
				787F86481F7A33FB0081D519 /* RaveObjCDemo */,
				787F86621F7A33FB0081D519 /* RaveObjCDemoTests */,
				787F866D1F7A33FB0081D519 /* RaveObjCDemoUITests */,
				787F86471F7A33FB0081D519 /* Products */,
				7F2ED84D452D095095F258E3 /* Pods */,
				517C5F1F6FE1DDD9AB75CCEA /* Frameworks */,
			);
			sourceTree = "<group>";
		};
		787F86471F7A33FB0081D519 /* Products */ = {
			isa = PBXGroup;
			children = (
				787F86461F7A33FB0081D519 /* RaveObjCDemo.app */,
				787F865F1F7A33FB0081D519 /* RaveObjCDemoTests.xctest */,
				787F866A1F7A33FB0081D519 /* RaveObjCDemoUITests.xctest */,
			);
			name = Products;
			sourceTree = "<group>";
		};
		787F86481F7A33FB0081D519 /* RaveObjCDemo */ = {
			isa = PBXGroup;
			children = (
				A5FACDC61FD300ED00B2101A /* Encryption */,
				A540293F1FD2F5AC0076C2F1 /* NetworkManager */,
				787F86851F7A64820081D519 /* Utils */,
				787F86811F7A634D0081D519 /* Rave */,
				787F867D1F7A34840081D519 /* CustomViews */,
				787F867C1F7A34210081D519 /* AppConfig */,
				787F86521F7A33FB0081D519 /* Main.storyboard */,
				787F86551F7A33FB0081D519 /* Assets.xcassets */,
				787F86571F7A33FB0081D519 /* LaunchScreen.storyboard */,
				787F865A1F7A33FB0081D519 /* Info.plist */,
				787F86491F7A33FB0081D519 /* Supporting Files */,
			);
			path = RaveObjCDemo;
			sourceTree = "<group>";
		};
		787F86491F7A33FB0081D519 /* Supporting Files */ = {
			isa = PBXGroup;
			children = (
				787F864A1F7A33FB0081D519 /* main.m */,
			);
			name = "Supporting Files";
			sourceTree = "<group>";
		};
		787F86621F7A33FB0081D519 /* RaveObjCDemoTests */ = {
			isa = PBXGroup;
			children = (
				787F86631F7A33FB0081D519 /* RaveObjCDemoTests.m */,
				787F86651F7A33FB0081D519 /* Info.plist */,
			);
			path = RaveObjCDemoTests;
			sourceTree = "<group>";
		};
		787F866D1F7A33FB0081D519 /* RaveObjCDemoUITests */ = {
			isa = PBXGroup;
			children = (
				787F866E1F7A33FB0081D519 /* RaveObjCDemoUITests.m */,
				787F86701F7A33FB0081D519 /* Info.plist */,
			);
			path = RaveObjCDemoUITests;
			sourceTree = "<group>";
		};
		787F867C1F7A34210081D519 /* AppConfig */ = {
			isa = PBXGroup;
			children = (
				787F864C1F7A33FB0081D519 /* AppDelegate.h */,
				787F864D1F7A33FB0081D519 /* AppDelegate.m */,
				787F864F1F7A33FB0081D519 /* ViewController.h */,
				787F86501F7A33FB0081D519 /* ViewController.m */,
			);
			name = AppConfig;
			sourceTree = "<group>";
		};
		787F867D1F7A34840081D519 /* CustomViews */ = {
			isa = PBXGroup;
			children = (
				7800D5971F7A9D8000AFC430 /* VSTextField.swift */,
				787F867F1F7A349A0081D519 /* CustomSegementControl.swift */,
				787F867E1F7A34990081D519 /* RaveObjCDemo-Bridging-Header.h */,
			);
			name = CustomViews;
			sourceTree = "<group>";
		};
		787F86811F7A634D0081D519 /* Rave */ = {
			isa = PBXGroup;
			children = (
				787F86821F7A636F0081D519 /* RavePayController.h */,
				787F86831F7A636F0081D519 /* RavePayController.m */,
			);
			name = Rave;
			sourceTree = "<group>";
		};
		787F86851F7A64820081D519 /* Utils */ = {
			isa = PBXGroup;
			children = (
				787F86861F7A65350081D519 /* UIColor+HexString.h */,
				787F86871F7A65350081D519 /* UIColor+HexString.m */,
				7800D5991F7B8B4300AFC430 /* Constants.h */,
				7800D59A1F7B8B4400AFC430 /* Constants.m */,
			);
			name = Utils;
			sourceTree = "<group>";
		};
		7F2ED84D452D095095F258E3 /* Pods */ = {
			isa = PBXGroup;
			children = (
				4E1099F0DDE7BDA350969C3B /* Pods-RaveObjCDemo.debug.xcconfig */,
				5A5A934E551D03D69B95B90B /* Pods-RaveObjCDemo.release.xcconfig */,
				C3411604A989DA852C8976F6 /* Pods-RaveObjCDemoTests.debug.xcconfig */,
				E591422A81F84B0DFDC2E866 /* Pods-RaveObjCDemoTests.release.xcconfig */,
				4C154715497EA1F478C9E6FB /* Pods-RaveObjCDemoUITests.debug.xcconfig */,
				BCF3FA69DD4FAC8D1395502B /* Pods-RaveObjCDemoUITests.release.xcconfig */,
			);
			name = Pods;
			sourceTree = "<group>";
		};
		A540293F1FD2F5AC0076C2F1 /* NetworkManager */ = {
			isa = PBXGroup;
			children = (
				A54029401FD2F5E80076C2F1 /* NetworkManager.h */,
				A54029411FD2F5E80076C2F1 /* NetworkManager.m */,
			);
			path = NetworkManager;
			sourceTree = "<group>";
		};
		A5FACDC61FD300ED00B2101A /* Encryption */ = {
			isa = PBXGroup;
			children = (
				A5FACDC71FD3010300B2101A /* RaveEncryption.h */,
				A5FACDC81FD3010300B2101A /* RaveEncryption.m */,
			);
			path = Encryption;
			sourceTree = "<group>";
		};
/* End PBXGroup section */

/* Begin PBXNativeTarget section */
		787F86451F7A33FB0081D519 /* RaveObjCDemo */ = {
			isa = PBXNativeTarget;
			buildConfigurationList = 787F86731F7A33FB0081D519 /* Build configuration list for PBXNativeTarget "RaveObjCDemo" */;
			buildPhases = (
				AD6D3789DDC18B932B07895E /* [CP] Check Pods Manifest.lock */,
				787F86421F7A33FB0081D519 /* Sources */,
				787F86431F7A33FB0081D519 /* Frameworks */,
				787F86441F7A33FB0081D519 /* Resources */,
				F48FCDC5DEBE9027D9368867 /* [CP] Embed Pods Frameworks */,
				1129984E18C945B8C0B025C2 /* [CP] Copy Pods Resources */,
			);
			buildRules = (
			);
			dependencies = (
			);
			name = RaveObjCDemo;
			productName = RaveObjCDemo;
			productReference = 787F86461F7A33FB0081D519 /* RaveObjCDemo.app */;
			productType = "com.apple.product-type.application";
		};
		787F865E1F7A33FB0081D519 /* RaveObjCDemoTests */ = {
			isa = PBXNativeTarget;
			buildConfigurationList = 787F86761F7A33FB0081D519 /* Build configuration list for PBXNativeTarget "RaveObjCDemoTests" */;
			buildPhases = (
				77536B9EF8392504C5BD98C1 /* [CP] Check Pods Manifest.lock */,
				787F865B1F7A33FB0081D519 /* Sources */,
				787F865C1F7A33FB0081D519 /* Frameworks */,
				787F865D1F7A33FB0081D519 /* Resources */,
				AAF141542442B1E025268630 /* [CP] Embed Pods Frameworks */,
				DED994D9576978223A5854C5 /* [CP] Copy Pods Resources */,
			);
			buildRules = (
			);
			dependencies = (
				787F86611F7A33FB0081D519 /* PBXTargetDependency */,
			);
			name = RaveObjCDemoTests;
			productName = RaveObjCDemoTests;
			productReference = 787F865F1F7A33FB0081D519 /* RaveObjCDemoTests.xctest */;
			productType = "com.apple.product-type.bundle.unit-test";
		};
		787F86691F7A33FB0081D519 /* RaveObjCDemoUITests */ = {
			isa = PBXNativeTarget;
			buildConfigurationList = 787F86791F7A33FB0081D519 /* Build configuration list for PBXNativeTarget "RaveObjCDemoUITests" */;
			buildPhases = (
				F639DB35C2A03BDF8DEECD2E /* [CP] Check Pods Manifest.lock */,
				787F86661F7A33FB0081D519 /* Sources */,
				787F86671F7A33FB0081D519 /* Frameworks */,
				787F86681F7A33FB0081D519 /* Resources */,
				2A541239A118A4091FB0513D /* [CP] Embed Pods Frameworks */,
				6DEA8993C9DCFFE0894CB9CA /* [CP] Copy Pods Resources */,
			);
			buildRules = (
			);
			dependencies = (
				787F866C1F7A33FB0081D519 /* PBXTargetDependency */,
			);
			name = RaveObjCDemoUITests;
			productName = RaveObjCDemoUITests;
			productReference = 787F866A1F7A33FB0081D519 /* RaveObjCDemoUITests.xctest */;
			productType = "com.apple.product-type.bundle.ui-testing";
		};
/* End PBXNativeTarget section */

/* Begin PBXProject section */
		787F863E1F7A33FA0081D519 /* Project object */ = {
			isa = PBXProject;
			attributes = {
				LastUpgradeCheck = 0830;
				ORGANIZATIONNAME = "Olusegun Solaja";
				TargetAttributes = {
					787F86451F7A33FB0081D519 = {
						CreatedOnToolsVersion = 8.3.2;
						DevelopmentTeam = QRGN64L84L;
						LastSwiftMigration = 0830;
						ProvisioningStyle = Automatic;
					};
					787F865E1F7A33FB0081D519 = {
						CreatedOnToolsVersion = 8.3.2;
						DevelopmentTeam = EEN5SMD5RF;
						ProvisioningStyle = Automatic;
						TestTargetID = 787F86451F7A33FB0081D519;
					};
					787F86691F7A33FB0081D519 = {
						CreatedOnToolsVersion = 8.3.2;
						DevelopmentTeam = EEN5SMD5RF;
						ProvisioningStyle = Automatic;
						TestTargetID = 787F86451F7A33FB0081D519;
					};
				};
			};
			buildConfigurationList = 787F86411F7A33FA0081D519 /* Build configuration list for PBXProject "RaveObjCDemo" */;
			compatibilityVersion = "Xcode 3.2";
			developmentRegion = English;
			hasScannedForEncodings = 0;
			knownRegions = (
				en,
				Base,
			);
			mainGroup = 787F863D1F7A33FA0081D519;
			productRefGroup = 787F86471F7A33FB0081D519 /* Products */;
			projectDirPath = "";
			projectRoot = "";
			targets = (
				787F86451F7A33FB0081D519 /* RaveObjCDemo */,
				787F865E1F7A33FB0081D519 /* RaveObjCDemoTests */,
				787F86691F7A33FB0081D519 /* RaveObjCDemoUITests */,
			);
		};
/* End PBXProject section */

/* Begin PBXResourcesBuildPhase section */
		787F86441F7A33FB0081D519 /* Resources */ = {
			isa = PBXResourcesBuildPhase;
			buildActionMask = 2147483647;
			files = (
				787F86591F7A33FB0081D519 /* LaunchScreen.storyboard in Resources */,
				787F86561F7A33FB0081D519 /* Assets.xcassets in Resources */,
				787F86541F7A33FB0081D519 /* Main.storyboard in Resources */,
			);
			runOnlyForDeploymentPostprocessing = 0;
		};
		787F865D1F7A33FB0081D519 /* Resources */ = {
			isa = PBXResourcesBuildPhase;
			buildActionMask = 2147483647;
			files = (
			);
			runOnlyForDeploymentPostprocessing = 0;
		};
		787F86681F7A33FB0081D519 /* Resources */ = {
			isa = PBXResourcesBuildPhase;
			buildActionMask = 2147483647;
			files = (
			);
			runOnlyForDeploymentPostprocessing = 0;
		};
/* End PBXResourcesBuildPhase section */

/* Begin PBXShellScriptBuildPhase section */
		1129984E18C945B8C0B025C2 /* [CP] Copy Pods Resources */ = {
			isa = PBXShellScriptBuildPhase;
			buildActionMask = 2147483647;
			files = (
			);
			inputPaths = (
			);
			name = "[CP] Copy Pods Resources";
			outputPaths = (
			);
			runOnlyForDeploymentPostprocessing = 0;
			shellPath = /bin/sh;
			shellScript = "\"${SRCROOT}/Pods/Target Support Files/Pods-RaveObjCDemo/Pods-RaveObjCDemo-resources.sh\"\n";
			showEnvVarsInLog = 0;
		};
		2A541239A118A4091FB0513D /* [CP] Embed Pods Frameworks */ = {
			isa = PBXShellScriptBuildPhase;
			buildActionMask = 2147483647;
			files = (
			);
			inputPaths = (
			);
			name = "[CP] Embed Pods Frameworks";
			outputPaths = (
			);
			runOnlyForDeploymentPostprocessing = 0;
			shellPath = /bin/sh;
			shellScript = "\"${SRCROOT}/Pods/Target Support Files/Pods-RaveObjCDemoUITests/Pods-RaveObjCDemoUITests-frameworks.sh\"\n";
			showEnvVarsInLog = 0;
		};
		6DEA8993C9DCFFE0894CB9CA /* [CP] Copy Pods Resources */ = {
			isa = PBXShellScriptBuildPhase;
			buildActionMask = 2147483647;
			files = (
			);
			inputPaths = (
			);
			name = "[CP] Copy Pods Resources";
			outputPaths = (
			);
			runOnlyForDeploymentPostprocessing = 0;
			shellPath = /bin/sh;
			shellScript = "\"${SRCROOT}/Pods/Target Support Files/Pods-RaveObjCDemoUITests/Pods-RaveObjCDemoUITests-resources.sh\"\n";
			showEnvVarsInLog = 0;
		};
		77536B9EF8392504C5BD98C1 /* [CP] Check Pods Manifest.lock */ = {
			isa = PBXShellScriptBuildPhase;
			buildActionMask = 2147483647;
			files = (
			);
			inputPaths = (
				"${PODS_PODFILE_DIR_PATH}/Podfile.lock",
				"${PODS_ROOT}/Manifest.lock",
			);
			name = "[CP] Check Pods Manifest.lock";
			outputPaths = (
				"$(DERIVED_FILE_DIR)/Pods-RaveObjCDemoTests-checkManifestLockResult.txt",
			);
			runOnlyForDeploymentPostprocessing = 0;
			shellPath = /bin/sh;
			shellScript = "diff \"${PODS_PODFILE_DIR_PATH}/Podfile.lock\" \"${PODS_ROOT}/Manifest.lock\" > /dev/null\nif [ $? != 0 ] ; then\n    # print error to STDERR\n    echo \"error: The sandbox is not in sync with the Podfile.lock. Run 'pod install' or update your CocoaPods installation.\" >&2\n    exit 1\nfi\n";
			showEnvVarsInLog = 0;
		};
		AAF141542442B1E025268630 /* [CP] Embed Pods Frameworks */ = {
			isa = PBXShellScriptBuildPhase;
			buildActionMask = 2147483647;
			files = (
			);
			inputPaths = (
			);
			name = "[CP] Embed Pods Frameworks";
			outputPaths = (
			);
			runOnlyForDeploymentPostprocessing = 0;
			shellPath = /bin/sh;
			shellScript = "\"${SRCROOT}/Pods/Target Support Files/Pods-RaveObjCDemoTests/Pods-RaveObjCDemoTests-frameworks.sh\"\n";
			showEnvVarsInLog = 0;
		};
		AD6D3789DDC18B932B07895E /* [CP] Check Pods Manifest.lock */ = {
			isa = PBXShellScriptBuildPhase;
			buildActionMask = 2147483647;
			files = (
			);
			inputPaths = (
				"${PODS_PODFILE_DIR_PATH}/Podfile.lock",
				"${PODS_ROOT}/Manifest.lock",
			);
			name = "[CP] Check Pods Manifest.lock";
			outputPaths = (
				"$(DERIVED_FILE_DIR)/Pods-RaveObjCDemo-checkManifestLockResult.txt",
			);
			runOnlyForDeploymentPostprocessing = 0;
			shellPath = /bin/sh;
			shellScript = "diff \"${PODS_PODFILE_DIR_PATH}/Podfile.lock\" \"${PODS_ROOT}/Manifest.lock\" > /dev/null\nif [ $? != 0 ] ; then\n    # print error to STDERR\n    echo \"error: The sandbox is not in sync with the Podfile.lock. Run 'pod install' or update your CocoaPods installation.\" >&2\n    exit 1\nfi\n";
			showEnvVarsInLog = 0;
		};
		DED994D9576978223A5854C5 /* [CP] Copy Pods Resources */ = {
			isa = PBXShellScriptBuildPhase;
			buildActionMask = 2147483647;
			files = (
			);
			inputPaths = (
			);
			name = "[CP] Copy Pods Resources";
			outputPaths = (
			);
			runOnlyForDeploymentPostprocessing = 0;
			shellPath = /bin/sh;
			shellScript = "\"${SRCROOT}/Pods/Target Support Files/Pods-RaveObjCDemoTests/Pods-RaveObjCDemoTests-resources.sh\"\n";
			showEnvVarsInLog = 0;
		};
		F48FCDC5DEBE9027D9368867 /* [CP] Embed Pods Frameworks */ = {
			isa = PBXShellScriptBuildPhase;
			buildActionMask = 2147483647;
			files = (
			);
			inputPaths = (
				"${SRCROOT}/Pods/Target Support Files/Pods-RaveObjCDemo/Pods-RaveObjCDemo-frameworks.sh",
				"${BUILT_PRODUCTS_DIR}/AFNetworking/AFNetworking.framework",
				"${BUILT_PRODUCTS_DIR}/BlocksKit/BlocksKit.framework",
				"${BUILT_PRODUCTS_DIR}/IQKeyboardManagerSwift/IQKeyboardManagerSwift.framework",
			);
			name = "[CP] Embed Pods Frameworks";
			outputPaths = (
				"${TARGET_BUILD_DIR}/${FRAMEWORKS_FOLDER_PATH}/AFNetworking.framework",
				"${TARGET_BUILD_DIR}/${FRAMEWORKS_FOLDER_PATH}/BlocksKit.framework",
				"${TARGET_BUILD_DIR}/${FRAMEWORKS_FOLDER_PATH}/IQKeyboardManagerSwift.framework",
			);
			runOnlyForDeploymentPostprocessing = 0;
			shellPath = /bin/sh;
			shellScript = "\"${SRCROOT}/Pods/Target Support Files/Pods-RaveObjCDemo/Pods-RaveObjCDemo-frameworks.sh\"\n";
			showEnvVarsInLog = 0;
		};
		F639DB35C2A03BDF8DEECD2E /* [CP] Check Pods Manifest.lock */ = {
			isa = PBXShellScriptBuildPhase;
			buildActionMask = 2147483647;
			files = (
			);
			inputPaths = (
				"${PODS_PODFILE_DIR_PATH}/Podfile.lock",
				"${PODS_ROOT}/Manifest.lock",
			);
			name = "[CP] Check Pods Manifest.lock";
			outputPaths = (
				"$(DERIVED_FILE_DIR)/Pods-RaveObjCDemoUITests-checkManifestLockResult.txt",
			);
			runOnlyForDeploymentPostprocessing = 0;
			shellPath = /bin/sh;
			shellScript = "diff \"${PODS_PODFILE_DIR_PATH}/Podfile.lock\" \"${PODS_ROOT}/Manifest.lock\" > /dev/null\nif [ $? != 0 ] ; then\n    # print error to STDERR\n    echo \"error: The sandbox is not in sync with the Podfile.lock. Run 'pod install' or update your CocoaPods installation.\" >&2\n    exit 1\nfi\n";
			showEnvVarsInLog = 0;
		};
/* End PBXShellScriptBuildPhase section */

/* Begin PBXSourcesBuildPhase section */
		787F86421F7A33FB0081D519 /* Sources */ = {
			isa = PBXSourcesBuildPhase;
			buildActionMask = 2147483647;
			files = (
				7800D5981F7A9D8000AFC430 /* VSTextField.swift in Sources */,
				787F86881F7A65350081D519 /* UIColor+HexString.m in Sources */,
				787F86841F7A636F0081D519 /* RavePayController.m in Sources */,
				7800D59B1F7B8B4400AFC430 /* Constants.m in Sources */,
				A5FACDC91FD3010300B2101A /* RaveEncryption.m in Sources */,
				787F86511F7A33FB0081D519 /* ViewController.m in Sources */,
				787F864E1F7A33FB0081D519 /* AppDelegate.m in Sources */,
				787F86801F7A349A0081D519 /* CustomSegementControl.swift in Sources */,
				A54029421FD2F5E80076C2F1 /* NetworkManager.m in Sources */,
				787F864B1F7A33FB0081D519 /* main.m in Sources */,
			);
			runOnlyForDeploymentPostprocessing = 0;
		};
		787F865B1F7A33FB0081D519 /* Sources */ = {
			isa = PBXSourcesBuildPhase;
			buildActionMask = 2147483647;
			files = (
				787F86641F7A33FB0081D519 /* RaveObjCDemoTests.m in Sources */,
			);
			runOnlyForDeploymentPostprocessing = 0;
		};
		787F86661F7A33FB0081D519 /* Sources */ = {
			isa = PBXSourcesBuildPhase;
			buildActionMask = 2147483647;
			files = (
				787F866F1F7A33FB0081D519 /* RaveObjCDemoUITests.m in Sources */,
			);
			runOnlyForDeploymentPostprocessing = 0;
		};
/* End PBXSourcesBuildPhase section */

/* Begin PBXTargetDependency section */
		787F86611F7A33FB0081D519 /* PBXTargetDependency */ = {
			isa = PBXTargetDependency;
			target = 787F86451F7A33FB0081D519 /* RaveObjCDemo */;
			targetProxy = 787F86601F7A33FB0081D519 /* PBXContainerItemProxy */;
		};
		787F866C1F7A33FB0081D519 /* PBXTargetDependency */ = {
			isa = PBXTargetDependency;
			target = 787F86451F7A33FB0081D519 /* RaveObjCDemo */;
			targetProxy = 787F866B1F7A33FB0081D519 /* PBXContainerItemProxy */;
		};
/* End PBXTargetDependency section */

/* Begin PBXVariantGroup section */
		787F86521F7A33FB0081D519 /* Main.storyboard */ = {
			isa = PBXVariantGroup;
			children = (
				787F86531F7A33FB0081D519 /* Base */,
			);
			name = Main.storyboard;
			sourceTree = "<group>";
		};
		787F86571F7A33FB0081D519 /* LaunchScreen.storyboard */ = {
			isa = PBXVariantGroup;
			children = (
				787F86581F7A33FB0081D519 /* Base */,
			);
			name = LaunchScreen.storyboard;
			sourceTree = "<group>";
		};
/* End PBXVariantGroup section */

/* Begin XCBuildConfiguration section */
		787F86711F7A33FB0081D519 /* Debug */ = {
			isa = XCBuildConfiguration;
			buildSettings = {
				ALWAYS_SEARCH_USER_PATHS = NO;
				CLANG_ANALYZER_NONNULL = YES;
				CLANG_ANALYZER_NUMBER_OBJECT_CONVERSION = YES_AGGRESSIVE;
				CLANG_CXX_LANGUAGE_STANDARD = "gnu++0x";
				CLANG_CXX_LIBRARY = "libc++";
				CLANG_ENABLE_MODULES = YES;
				CLANG_ENABLE_OBJC_ARC = YES;
				CLANG_WARN_BOOL_CONVERSION = YES;
				CLANG_WARN_CONSTANT_CONVERSION = YES;
				CLANG_WARN_DIRECT_OBJC_ISA_USAGE = YES_ERROR;
				CLANG_WARN_DOCUMENTATION_COMMENTS = YES;
				CLANG_WARN_EMPTY_BODY = YES;
				CLANG_WARN_ENUM_CONVERSION = YES;
				CLANG_WARN_INFINITE_RECURSION = YES;
				CLANG_WARN_INT_CONVERSION = YES;
				CLANG_WARN_OBJC_ROOT_CLASS = YES_ERROR;
				CLANG_WARN_SUSPICIOUS_MOVE = YES;
				CLANG_WARN_UNREACHABLE_CODE = YES;
				CLANG_WARN__DUPLICATE_METHOD_MATCH = YES;
				"CODE_SIGN_IDENTITY[sdk=iphoneos*]" = "iPhone Developer";
				COPY_PHASE_STRIP = NO;
				DEBUG_INFORMATION_FORMAT = dwarf;
				ENABLE_STRICT_OBJC_MSGSEND = YES;
				ENABLE_TESTABILITY = YES;
				GCC_C_LANGUAGE_STANDARD = gnu99;
				GCC_DYNAMIC_NO_PIC = NO;
				GCC_NO_COMMON_BLOCKS = YES;
				GCC_OPTIMIZATION_LEVEL = 0;
				GCC_PREPROCESSOR_DEFINITIONS = (
					"DEBUG=1",
					"$(inherited)",
				);
				GCC_WARN_64_TO_32_BIT_CONVERSION = YES;
				GCC_WARN_ABOUT_RETURN_TYPE = YES_ERROR;
				GCC_WARN_UNDECLARED_SELECTOR = YES;
				GCC_WARN_UNINITIALIZED_AUTOS = YES_AGGRESSIVE;
				GCC_WARN_UNUSED_FUNCTION = YES;
				GCC_WARN_UNUSED_VARIABLE = YES;
				IPHONEOS_DEPLOYMENT_TARGET = 10.3;
				MTL_ENABLE_DEBUG_INFO = YES;
				ONLY_ACTIVE_ARCH = YES;
				SDKROOT = iphoneos;
			};
			name = Debug;
		};
		787F86721F7A33FB0081D519 /* Release */ = {
			isa = XCBuildConfiguration;
			buildSettings = {
				ALWAYS_SEARCH_USER_PATHS = NO;
				CLANG_ANALYZER_NONNULL = YES;
				CLANG_ANALYZER_NUMBER_OBJECT_CONVERSION = YES_AGGRESSIVE;
				CLANG_CXX_LANGUAGE_STANDARD = "gnu++0x";
				CLANG_CXX_LIBRARY = "libc++";
				CLANG_ENABLE_MODULES = YES;
				CLANG_ENABLE_OBJC_ARC = YES;
				CLANG_WARN_BOOL_CONVERSION = YES;
				CLANG_WARN_CONSTANT_CONVERSION = YES;
				CLANG_WARN_DIRECT_OBJC_ISA_USAGE = YES_ERROR;
				CLANG_WARN_DOCUMENTATION_COMMENTS = YES;
				CLANG_WARN_EMPTY_BODY = YES;
				CLANG_WARN_ENUM_CONVERSION = YES;
				CLANG_WARN_INFINITE_RECURSION = YES;
				CLANG_WARN_INT_CONVERSION = YES;
				CLANG_WARN_OBJC_ROOT_CLASS = YES_ERROR;
				CLANG_WARN_SUSPICIOUS_MOVE = YES;
				CLANG_WARN_UNREACHABLE_CODE = YES;
				CLANG_WARN__DUPLICATE_METHOD_MATCH = YES;
				"CODE_SIGN_IDENTITY[sdk=iphoneos*]" = "iPhone Developer";
				COPY_PHASE_STRIP = NO;
				DEBUG_INFORMATION_FORMAT = "dwarf-with-dsym";
				ENABLE_NS_ASSERTIONS = NO;
				ENABLE_STRICT_OBJC_MSGSEND = YES;
				GCC_C_LANGUAGE_STANDARD = gnu99;
				GCC_NO_COMMON_BLOCKS = YES;
				GCC_WARN_64_TO_32_BIT_CONVERSION = YES;
				GCC_WARN_ABOUT_RETURN_TYPE = YES_ERROR;
				GCC_WARN_UNDECLARED_SELECTOR = YES;
				GCC_WARN_UNINITIALIZED_AUTOS = YES_AGGRESSIVE;
				GCC_WARN_UNUSED_FUNCTION = YES;
				GCC_WARN_UNUSED_VARIABLE = YES;
				IPHONEOS_DEPLOYMENT_TARGET = 10.3;
				MTL_ENABLE_DEBUG_INFO = NO;
				SDKROOT = iphoneos;
				VALIDATE_PRODUCT = YES;
			};
			name = Release;
		};
		787F86741F7A33FB0081D519 /* Debug */ = {
			isa = XCBuildConfiguration;
			baseConfigurationReference = 4E1099F0DDE7BDA350969C3B /* Pods-RaveObjCDemo.debug.xcconfig */;
			buildSettings = {
				ASSETCATALOG_COMPILER_APPICON_NAME = AppIcon;
				CLANG_ENABLE_MODULES = YES;
				DEFINES_MODULE = YES;
				DEVELOPMENT_TEAM = QRGN64L84L;
				INFOPLIST_FILE = RaveObjCDemo/Info.plist;
				IPHONEOS_DEPLOYMENT_TARGET = 10.0;
				LD_RUNPATH_SEARCH_PATHS = "$(inherited) @executable_path/Frameworks";
				PRODUCT_BUNDLE_IDENTIFIER = flutterwave.RaveObjCDemo;
				PRODUCT_NAME = "$(TARGET_NAME)";
				SWIFT_OBJC_BRIDGING_HEADER = "RaveObjCDemo/RaveObjCDemo-Bridging-Header.h";
				SWIFT_OPTIMIZATION_LEVEL = "-Onone";
				SWIFT_VERSION = 3.0;
			};
			name = Debug;
		};
		787F86751F7A33FB0081D519 /* Release */ = {
			isa = XCBuildConfiguration;
			baseConfigurationReference = 5A5A934E551D03D69B95B90B /* Pods-RaveObjCDemo.release.xcconfig */;
			buildSettings = {
				ASSETCATALOG_COMPILER_APPICON_NAME = AppIcon;
				CLANG_ENABLE_MODULES = YES;
				DEFINES_MODULE = YES;
				DEVELOPMENT_TEAM = QRGN64L84L;
				INFOPLIST_FILE = RaveObjCDemo/Info.plist;
				IPHONEOS_DEPLOYMENT_TARGET = 10.0;
				LD_RUNPATH_SEARCH_PATHS = "$(inherited) @executable_path/Frameworks";
				PRODUCT_BUNDLE_IDENTIFIER = flutterwave.RaveObjCDemo;
				PRODUCT_NAME = "$(TARGET_NAME)";
				SWIFT_OBJC_BRIDGING_HEADER = "RaveObjCDemo/RaveObjCDemo-Bridging-Header.h";
				SWIFT_VERSION = 3.0;
			};
			name = Release;
		};
		787F86771F7A33FB0081D519 /* Debug */ = {
			isa = XCBuildConfiguration;
			baseConfigurationReference = C3411604A989DA852C8976F6 /* Pods-RaveObjCDemoTests.debug.xcconfig */;
			buildSettings = {
				ALWAYS_EMBED_SWIFT_STANDARD_LIBRARIES = YES;
				BUNDLE_LOADER = "$(TEST_HOST)";
				DEVELOPMENT_TEAM = EEN5SMD5RF;
				INFOPLIST_FILE = RaveObjCDemoTests/Info.plist;
				LD_RUNPATH_SEARCH_PATHS = "$(inherited) @executable_path/Frameworks @loader_path/Frameworks";
				PRODUCT_BUNDLE_IDENTIFIER = flutterwave.RaveObjCDemoTests;
				PRODUCT_NAME = "$(TARGET_NAME)";
				TEST_HOST = "$(BUILT_PRODUCTS_DIR)/RaveObjCDemo.app/RaveObjCDemo";
			};
			name = Debug;
		};
		787F86781F7A33FB0081D519 /* Release */ = {
			isa = XCBuildConfiguration;
			baseConfigurationReference = E591422A81F84B0DFDC2E866 /* Pods-RaveObjCDemoTests.release.xcconfig */;
			buildSettings = {
				ALWAYS_EMBED_SWIFT_STANDARD_LIBRARIES = YES;
				BUNDLE_LOADER = "$(TEST_HOST)";
				DEVELOPMENT_TEAM = EEN5SMD5RF;
				INFOPLIST_FILE = RaveObjCDemoTests/Info.plist;
				LD_RUNPATH_SEARCH_PATHS = "$(inherited) @executable_path/Frameworks @loader_path/Frameworks";
				PRODUCT_BUNDLE_IDENTIFIER = flutterwave.RaveObjCDemoTests;
				PRODUCT_NAME = "$(TARGET_NAME)";
				TEST_HOST = "$(BUILT_PRODUCTS_DIR)/RaveObjCDemo.app/RaveObjCDemo";
			};
			name = Release;
		};
		787F867A1F7A33FB0081D519 /* Debug */ = {
			isa = XCBuildConfiguration;
			baseConfigurationReference = 4C154715497EA1F478C9E6FB /* Pods-RaveObjCDemoUITests.debug.xcconfig */;
			buildSettings = {
				ALWAYS_EMBED_SWIFT_STANDARD_LIBRARIES = YES;
				DEVELOPMENT_TEAM = EEN5SMD5RF;
				INFOPLIST_FILE = RaveObjCDemoUITests/Info.plist;
				LD_RUNPATH_SEARCH_PATHS = "$(inherited) @executable_path/Frameworks @loader_path/Frameworks";
				PRODUCT_BUNDLE_IDENTIFIER = flutterwave.RaveObjCDemoUITests;
				PRODUCT_NAME = "$(TARGET_NAME)";
				TEST_TARGET_NAME = RaveObjCDemo;
			};
			name = Debug;
		};
		787F867B1F7A33FB0081D519 /* Release */ = {
			isa = XCBuildConfiguration;
			baseConfigurationReference = BCF3FA69DD4FAC8D1395502B /* Pods-RaveObjCDemoUITests.release.xcconfig */;
			buildSettings = {
				ALWAYS_EMBED_SWIFT_STANDARD_LIBRARIES = YES;
				DEVELOPMENT_TEAM = EEN5SMD5RF;
				INFOPLIST_FILE = RaveObjCDemoUITests/Info.plist;
				LD_RUNPATH_SEARCH_PATHS = "$(inherited) @executable_path/Frameworks @loader_path/Frameworks";
				PRODUCT_BUNDLE_IDENTIFIER = flutterwave.RaveObjCDemoUITests;
				PRODUCT_NAME = "$(TARGET_NAME)";
				TEST_TARGET_NAME = RaveObjCDemo;
			};
			name = Release;
		};
/* End XCBuildConfiguration section */

/* Begin XCConfigurationList section */
		787F86411F7A33FA0081D519 /* Build configuration list for PBXProject "RaveObjCDemo" */ = {
			isa = XCConfigurationList;
			buildConfigurations = (
				787F86711F7A33FB0081D519 /* Debug */,
				787F86721F7A33FB0081D519 /* Release */,
			);
			defaultConfigurationIsVisible = 0;
			defaultConfigurationName = Release;
		};
		787F86731F7A33FB0081D519 /* Build configuration list for PBXNativeTarget "RaveObjCDemo" */ = {
			isa = XCConfigurationList;
			buildConfigurations = (
				787F86741F7A33FB0081D519 /* Debug */,
				787F86751F7A33FB0081D519 /* Release */,
			);
			defaultConfigurationIsVisible = 0;
			defaultConfigurationName = Release;
		};
		787F86761F7A33FB0081D519 /* Build configuration list for PBXNativeTarget "RaveObjCDemoTests" */ = {
			isa = XCConfigurationList;
			buildConfigurations = (
				787F86771F7A33FB0081D519 /* Debug */,
				787F86781F7A33FB0081D519 /* Release */,
			);
			defaultConfigurationIsVisible = 0;
			defaultConfigurationName = Release;
		};
		787F86791F7A33FB0081D519 /* Build configuration list for PBXNativeTarget "RaveObjCDemoUITests" */ = {
			isa = XCConfigurationList;
			buildConfigurations = (
				787F867A1F7A33FB0081D519 /* Debug */,
				787F867B1F7A33FB0081D519 /* Release */,
			);
			defaultConfigurationIsVisible = 0;
			defaultConfigurationName = Release;
		};
/* End XCConfigurationList section */
	};
	rootObject = 787F863E1F7A33FA0081D519 /* Project object */;
}
